
Microsoft Visual Studio Solution File, Format Version 12.00
# Visual Studio 15
VisualStudioVersion = 15.0.26124.0
MinimumVisualStudioVersion = 15.0.26124.0
Project("{2150E333-8FDC-42A3-9474-1A3956D46DE8}") = "src", "src", "{DCE45366-A11B-493B-8F47-DFC184916F4D}"
EndProject
Project("{F2A71F9B-5D33-465A-A702-920D77279786}") = "Json", "src\Json\Json.fsproj", "{B5C56857-88D9-43CC-AF4C-B543C97A4D05}"
EndProject
Project("{F2A71F9B-5D33-465A-A702-920D77279786}") = "Json.Example", "src\Json.Example\Json.Example.fsproj", "{C6458FF9-1059-41C7-8579-595F390E004B}"
EndProject
Global
	GlobalSection(SolutionConfigurationPlatforms) = preSolution
		Debug|Any CPU = Debug|Any CPU
		Debug|x64 = Debug|x64
		Debug|x86 = Debug|x86
		Release|Any CPU = Release|Any CPU
		Release|x64 = Release|x64
		Release|x86 = Release|x86
	EndGlobalSection
	GlobalSection(SolutionProperties) = preSolution
		HideSolutionNode = FALSE
	EndGlobalSection
	GlobalSection(ProjectConfigurationPlatforms) = postSolution
		{B5C56857-88D9-43CC-AF4C-B543C97A4D05}.Debug|Any CPU.ActiveCfg = Debug|Any CPU
		{B5C56857-88D9-43CC-AF4C-B543C97A4D05}.Debug|Any CPU.Build.0 = Debug|Any CPU
		{B5C56857-88D9-43CC-AF4C-B543C97A4D05}.Debug|x64.ActiveCfg = Debug|Any CPU
		{B5C56857-88D9-43CC-AF4C-B543C97A4D05}.Debug|x64.Build.0 = Debug|Any CPU
		{B5C56857-88D9-43CC-AF4C-B543C97A4D05}.Debug|x86.ActiveCfg = Debug|Any CPU
		{B5C56857-88D9-43CC-AF4C-B543C97A4D05}.Debug|x86.Build.0 = Debug|Any CPU
		{B5C56857-88D9-43CC-AF4C-B543C97A4D05}.Release|Any CPU.ActiveCfg = Release|Any CPU
		{B5C56857-88D9-43CC-AF4C-B543C97A4D05}.Release|Any CPU.Build.0 = Release|Any CPU
		{B5C56857-88D9-43CC-AF4C-B543C97A4D05}.Release|x64.ActiveCfg = Release|Any CPU
		{B5C56857-88D9-43CC-AF4C-B543C97A4D05}.Release|x64.Build.0 = Release|Any CPU
		{B5C56857-88D9-43CC-AF4C-B543C97A4D05}.Release|x86.ActiveCfg = Release|Any CPU
		{B5C56857-88D9-43CC-AF4C-B543C97A4D05}.Release|x86.Build.0 = Release|Any CPU
		{C6458FF9-1059-41C7-8579-595F390E004B}.Debug|Any CPU.ActiveCfg = Debug|Any CPU
		{C6458FF9-1059-41C7-8579-595F390E004B}.Debug|Any CPU.Build.0 = Debug|Any CPU
		{C6458FF9-1059-41C7-8579-595F390E004B}.Debug|x64.ActiveCfg = Debug|Any CPU
		{C6458FF9-1059-41C7-8579-595F390E004B}.Debug|x64.Build.0 = Debug|Any CPU
		{C6458FF9-1059-41C7-8579-595F390E004B}.Debug|x86.ActiveCfg = Debug|Any CPU
		{C6458FF9-1059-41C7-8579-595F390E004B}.Debug|x86.Build.0 = Debug|Any CPU
		{C6458FF9-1059-41C7-8579-595F390E004B}.Release|Any CPU.ActiveCfg = Release|Any CPU
		{C6458FF9-1059-41C7-8579-595F390E004B}.Release|Any CPU.Build.0 = Release|Any CPU
		{C6458FF9-1059-41C7-8579-595F390E004B}.Release|x64.ActiveCfg = Release|Any CPU
		{C6458FF9-1059-41C7-8579-595F390E004B}.Release|x64.Build.0 = Release|Any CPU
		{C6458FF9-1059-41C7-8579-595F390E004B}.Release|x86.ActiveCfg = Release|Any CPU
		{C6458FF9-1059-41C7-8579-595F390E004B}.Release|x86.Build.0 = Release|Any CPU
	EndGlobalSection
	GlobalSection(NestedProjects) = preSolution
		{B5C56857-88D9-43CC-AF4C-B543C97A4D05} = {DCE45366-A11B-493B-8F47-DFC184916F4D}
		{C6458FF9-1059-41C7-8579-595F390E004B} = {DCE45366-A11B-493B-8F47-DFC184916F4D}
	EndGlobalSection
EndGlobal
